
Microsoft Visual Studio Solution File, Format Version 12.00
# Visual Studio 15
VisualStudioVersion = 15.0.28307.572
MinimumVisualStudioVersion = 10.0.40219.1
Project("{FAE04EC0-301F-11D3-BF4B-00C04F79EFBC}") = "Hello", "Hello\Hello.csproj", "{D60F270F-F2F2-41FD-91FA-561ADC6A751B}"
EndProject
Global
	GlobalSection(SolutionConfigurationPlatforms) = preSolution
		Debug|Any CPU = Debug|Any CPU
		Release|Any CPU = Release|Any CPU
	EndGlobalSection
	GlobalSection(ProjectConfigurationPlatforms) = postSolution
		{D60F270F-F2F2-41FD-91FA-561ADC6A751B}.Debug|Any CPU.ActiveCfg = Debug|Any CPU
		{D60F270F-F2F2-41FD-91FA-561ADC6A751B}.Debug|Any CPU.Build.0 = Debug|Any CPU
		{D60F270F-F2F2-41FD-91FA-561ADC6A751B}.Release|Any CPU.ActiveCfg = Release|Any CPU
		{D60F270F-F2F2-41FD-91FA-561ADC6A751B}.Release|Any CPU.Build.0 = Release|Any CPU
	EndGlobalSection
	GlobalSection(SolutionProperties) = preSolution
		HideSolutionNode = FALSE
	EndGlobalSection
	GlobalSection(ExtensibilityGlobals) = postSolution
		SolutionGuid = {9C57579D-79A9-4EE6-B369-0530C75DFCCE}
	EndGlobalSection
EndGlobal
